
Microsoft Visual Studio Solution File, Format Version 12.00
# Visual Studio Version 17
VisualStudioVersion = 17.10.35027.167
MinimumVisualStudioVersion = 10.0.40219.1
Project("{FAE04EC0-301F-11D3-BF4B-00C04F79EFBC}") = "D0004N", "D0004N.csproj", "{BE7A0687-0AC4-4DF3-9A75-98FCAD20CD5D}"
EndProject
Global
	GlobalSection(SolutionConfigurationPlatforms) = preSolution
		Debug|Any CPU = Debug|Any CPU
		Release|Any CPU = Release|Any CPU
	EndGlobalSection
	GlobalSection(ProjectConfigurationPlatforms) = postSolution
		{BE7A0687-0AC4-4DF3-9A75-98FCAD20CD5D}.Debug|Any CPU.ActiveCfg = Debug|Any CPU
		{BE7A0687-0AC4-4DF3-9A75-98FCAD20CD5D}.Debug|Any CPU.Build.0 = Debug|Any CPU
		{BE7A0687-0AC4-4DF3-9A75-98FCAD20CD5D}.Release|Any CPU.ActiveCfg = Release|Any CPU
		{BE7A0687-0AC4-4DF3-9A75-98FCAD20CD5D}.Release|Any CPU.Build.0 = Release|Any CPU
	EndGlobalSection
	GlobalSection(SolutionProperties) = preSolution
		HideSolutionNode = FALSE
	EndGlobalSection
	GlobalSection(ExtensibilityGlobals) = postSolution
		SolutionGuid = {35626911-98A8-4AB1-9CA5-2C0A9D3BB813}
	EndGlobalSection
EndGlobal
